{
  "name": "ci-api-backend",
  "version": "1.0.0",
  "lockfileVersion": 3,
  "requires": true,
  "packages": {
    "": {
      "name": "ci-api-backend",
      "version": "1.0.0",
      "dependencies": {
        "@hono-rate-limiter/cloudflare": "^0.2.2",
        "hono": "^4.8.12",
        "hono-rate-limiter": "^0.4.2",
        "zod": "^4.0.14"
      },
      "devDependencies": {
        "@cloudflare/workers-types": "^4.20250803.0",
        "typescript": "^5.0.0"
      }
    },
    "node_modules/@cloudflare/workers-types": {
      "version": "4.20250805.0",
      "resolved": "https://registry.npmjs.org/@cloudflare/workers-types/-/workers-types-4.20250805.0.tgz",
      "integrity": "sha512-HOt0lqFiw5WzhvxH/IViMAWI/zwzokCSx33DlRnJqECT9khskK9X4Jrw/+IiAprJ5YloiFxK8Xn1oGbsabdUWg==",
      "license": "MIT OR Apache-2.0"
    },
    "node_modules/@hono-rate-limiter/cloudflare": {
      "version": "0.2.2",
      "resolved": "https://registry.npmjs.org/@hono-rate-limiter/cloudflare/-/cloudflare-0.2.2.tgz",
      "integrity": "sha512-wMnqeV+cb5Wov2npLIMFtCVm3tiNMtqw9LhPWSzSMwHOzh2qbhI3mCS6s962fxcJ6UUNJhRqDbVMEsB/NinCIQ==",
      "license": "MIT",
      "peerDependencies": {
        "@cloudflare/workers-types": "^4.20240529.0",
        "hono": "^4.4.8"
      }
    },
    "node_modules/hono": {
      "version": "4.8.12",
      "resolved": "https://registry.npmjs.org/hono/-/hono-4.8.12.tgz",
      "integrity": "sha512-MQSKk1Mg7b74k8l+A025LfysnLtXDKkE4pLaSsYRQC5iy85lgZnuyeQ1Wynair9mmECzoLu+FtJtqNZSoogBDQ==",
      "license": "MIT",
      "engines": {
        "node": ">=16.9.0"
      }
    },
    "node_modules/hono-rate-limiter": {
      "version": "0.4.2",
      "resolved": "https://registry.npmjs.org/hono-rate-limiter/-/hono-rate-limiter-0.4.2.tgz",
      "integrity": "sha512-AAtFqgADyrmbDijcRTT/HJfwqfvhalya2Zo+MgfdrMPas3zSMD8SU03cv+ZsYwRU1swv7zgVt0shwN059yzhjw==",
      "license": "MIT",
      "peerDependencies": {
        "hono": "^4.1.1"
      }
    },
    "node_modules/typescript": {
      "version": "5.9.2",
      "resolved": "https://registry.npmjs.org/typescript/-/typescript-5.9.2.tgz",
      "integrity": "sha512-CWBzXQrc/qOkhidw1OzBTQuYRbfyxDXJMVJ1XNwUHGROVmuaeiEm3OslpZ1RV96d7SKKjZKrSJu3+t/xlw3R9A==",
      "dev": true,
      "license": "Apache-2.0",
      "bin": {
        "tsc": "bin/tsc",
        "tsserver": "bin/tsserver"
      },
      "engines": {
        "node": ">=14.17"
      }
    },
    "node_modules/zod": {
      "version": "4.0.14",
      "resolved": "https://registry.npmjs.org/zod/-/zod-4.0.14.tgz",
      "integrity": "sha512-nGFJTnJN6cM2v9kXL+SOBq3AtjQby3Mv5ySGFof5UGRHrRioSJ5iG680cYNjE/yWk671nROcpPj4hAS8nyLhSw==",
      "license": "MIT",
      "funding": {
        "url": "https://github.com/sponsors/colinhacks"
      }
    }
  }
}
